
Microsoft Visual Studio Solution File, Format Version 12.00
# Visual Studio Version 16
VisualStudioVersion = 16.0.29306.81
MinimumVisualStudioVersion = 10.0.40219.1
Project("{FAE04EC0-301F-11D3-BF4B-00C04F79EFBC}") = "KamaLib", "KamaLib\KamaLib.csproj", "{A9F09AA8-60B4-4359-921E-4C6BD78F469B}"
EndProject
Global
	GlobalSection(SolutionConfigurationPlatforms) = preSolution
		Debug|Any CPU = Debug|Any CPU
		Release|Any CPU = Release|Any CPU
	EndGlobalSection
	GlobalSection(ProjectConfigurationPlatforms) = postSolution
		{A9F09AA8-60B4-4359-921E-4C6BD78F469B}.Debug|Any CPU.ActiveCfg = Debug|Any CPU
		{A9F09AA8-60B4-4359-921E-4C6BD78F469B}.Debug|Any CPU.Build.0 = Debug|Any CPU
		{A9F09AA8-60B4-4359-921E-4C6BD78F469B}.Release|Any CPU.ActiveCfg = Release|Any CPU
		{A9F09AA8-60B4-4359-921E-4C6BD78F469B}.Release|Any CPU.Build.0 = Release|Any CPU
	EndGlobalSection
	GlobalSection(SolutionProperties) = preSolution
		HideSolutionNode = FALSE
	EndGlobalSection
	GlobalSection(ExtensibilityGlobals) = postSolution
		SolutionGuid = {3AF0C121-1751-4D53-B854-88023555D78A}
	EndGlobalSection
EndGlobal
